
Microsoft Visual Studio Solution File, Format Version 12.00
# Visual Studio 15
VisualStudioVersion = 15.0.27703.2047
MinimumVisualStudioVersion = 10.0.40219.1
Project("{FAE04EC0-301F-11D3-BF4B-00C04F79EFBC}") = "TestBackEndStarCorp.Api", "TestBackEndStarCorp.Api\TestBackEndStarCorp.Api.csproj", "{52F4EA1F-EEC9-44FB-877C-D503F34E6773}"
EndProject
Project("{FAE04EC0-301F-11D3-BF4B-00C04F79EFBC}") = "TestBackEndStarCorp.Service", "TestBackEndStarCorp.Service\TestBackEndStarCorp.Service.csproj", "{9D650DE9-12CF-4970-ADF1-C612C91B305C}"
EndProject
Global
	GlobalSection(SolutionConfigurationPlatforms) = preSolution
		Debug|Any CPU = Debug|Any CPU
		Release|Any CPU = Release|Any CPU
	EndGlobalSection
	GlobalSection(ProjectConfigurationPlatforms) = postSolution
		{52F4EA1F-EEC9-44FB-877C-D503F34E6773}.Debug|Any CPU.ActiveCfg = Debug|Any CPU
		{52F4EA1F-EEC9-44FB-877C-D503F34E6773}.Debug|Any CPU.Build.0 = Debug|Any CPU
		{52F4EA1F-EEC9-44FB-877C-D503F34E6773}.Release|Any CPU.ActiveCfg = Release|Any CPU
		{52F4EA1F-EEC9-44FB-877C-D503F34E6773}.Release|Any CPU.Build.0 = Release|Any CPU
		{9D650DE9-12CF-4970-ADF1-C612C91B305C}.Debug|Any CPU.ActiveCfg = Debug|Any CPU
		{9D650DE9-12CF-4970-ADF1-C612C91B305C}.Debug|Any CPU.Build.0 = Debug|Any CPU
		{9D650DE9-12CF-4970-ADF1-C612C91B305C}.Release|Any CPU.ActiveCfg = Release|Any CPU
		{9D650DE9-12CF-4970-ADF1-C612C91B305C}.Release|Any CPU.Build.0 = Release|Any CPU
	EndGlobalSection
	GlobalSection(SolutionProperties) = preSolution
		HideSolutionNode = FALSE
	EndGlobalSection
	GlobalSection(ExtensibilityGlobals) = postSolution
		SolutionGuid = {5AB63B54-7AF6-4043-8746-F8759A7B6609}
	EndGlobalSection
EndGlobal
